
Microsoft Visual Studio Solution File, Format Version 12.00
# Visual Studio Version 17
VisualStudioVersion = 17.5.33424.131
MinimumVisualStudioVersion = 10.0.40219.1
Project("{9A19103F-16F7-4668-BE54-9A1E7A4F7556}") = "Rocky", "Rocky\Rocky.csproj", "{25223D5E-A9A1-4723-9661-F1C3DA136BBE}"
EndProject
Project("{FAE04EC0-301F-11D3-BF4B-00C04F79EFBC}") = "Rocky_Models", "Rocky_Models\Rocky_Models.csproj", "{6020A19B-0281-4B37-BFCE-E1238D387D48}"
EndProject
Global
	GlobalSection(SolutionConfigurationPlatforms) = preSolution
		Debug|Any CPU = Debug|Any CPU
		Release|Any CPU = Release|Any CPU
	EndGlobalSection
	GlobalSection(ProjectConfigurationPlatforms) = postSolution
		{25223D5E-A9A1-4723-9661-F1C3DA136BBE}.Debug|Any CPU.ActiveCfg = Debug|Any CPU
		{25223D5E-A9A1-4723-9661-F1C3DA136BBE}.Debug|Any CPU.Build.0 = Debug|Any CPU
		{25223D5E-A9A1-4723-9661-F1C3DA136BBE}.Release|Any CPU.ActiveCfg = Release|Any CPU
		{25223D5E-A9A1-4723-9661-F1C3DA136BBE}.Release|Any CPU.Build.0 = Release|Any CPU
		{6020A19B-0281-4B37-BFCE-E1238D387D48}.Debug|Any CPU.ActiveCfg = Debug|Any CPU
		{6020A19B-0281-4B37-BFCE-E1238D387D48}.Debug|Any CPU.Build.0 = Debug|Any CPU
		{6020A19B-0281-4B37-BFCE-E1238D387D48}.Release|Any CPU.ActiveCfg = Release|Any CPU
		{6020A19B-0281-4B37-BFCE-E1238D387D48}.Release|Any CPU.Build.0 = Release|Any CPU
	EndGlobalSection
	GlobalSection(SolutionProperties) = preSolution
		HideSolutionNode = FALSE
	EndGlobalSection
	GlobalSection(ExtensibilityGlobals) = postSolution
		SolutionGuid = {C0609FE6-C940-4A71-B52A-C32A9BC6A152}
	EndGlobalSection
EndGlobal
